
Microsoft Visual Studio Solution File, Format Version 12.00
# Visual Studio Version 16
VisualStudioVersion = 16.0.32428.217
MinimumVisualStudioVersion = 10.0.40219.1
Project("{FAE04EC0-301F-11D3-BF4B-00C04F79EFBC}") = "ClassWork", "ClassWork\ClassWork.csproj", "{2A9CD578-4EE2-456D-8006-E26F9EA44A9D}"
EndProject
Global
	GlobalSection(SolutionConfigurationPlatforms) = preSolution
		Debug|Any CPU = Debug|Any CPU
		Release|Any CPU = Release|Any CPU
	EndGlobalSection
	GlobalSection(ProjectConfigurationPlatforms) = postSolution
		{2A9CD578-4EE2-456D-8006-E26F9EA44A9D}.Debug|Any CPU.ActiveCfg = Debug|Any CPU
		{2A9CD578-4EE2-456D-8006-E26F9EA44A9D}.Debug|Any CPU.Build.0 = Debug|Any CPU
		{2A9CD578-4EE2-456D-8006-E26F9EA44A9D}.Release|Any CPU.ActiveCfg = Release|Any CPU
		{2A9CD578-4EE2-456D-8006-E26F9EA44A9D}.Release|Any CPU.Build.0 = Release|Any CPU
	EndGlobalSection
	GlobalSection(SolutionProperties) = preSolution
		HideSolutionNode = FALSE
	EndGlobalSection
	GlobalSection(ExtensibilityGlobals) = postSolution
		SolutionGuid = {A97A5028-1520-43E1-996F-4FFF3104DBD1}
	EndGlobalSection
EndGlobal
